
Microsoft Visual Studio Solution File, Format Version 12.00
# 
Project("{FAE04EC0-301F-11D3-BF4B-00C04F79EFBC}") = "BlazorApp1", "BlazorApp1\BlazorApp1.csproj", "{347A438F-D60C-43AC-AB56-AA5883489FF4}"
EndProject
Project("{FAE04EC0-301F-11D3-BF4B-00C04F79EFBC}") = "ServiceTests", "ServiceTests\ServiceTests.csproj", "{FC50F43F-F5DE-4312-AAE4-6DEDFC6C9E58}"
EndProject
Project("{FAE04EC0-301F-11D3-BF4B-00C04F79EFBC}") = "Games", "Games\Games.csproj", "{554AB5D6-FE68-4897-8FE9-A3202C8E6800}"
EndProject
Project("{FAE04EC0-301F-11D3-BF4B-00C04F79EFBC}") = "ConsoleClient", "ConsoleClient\ConsoleClient.csproj", "{716EEFB3-11C8-44CE-A340-CF589E5ED6CB}"
EndProject
Project("{FAE04EC0-301F-11D3-BF4B-00C04F79EFBC}") = "GamesTests", "GamesTests\GamesTests.csproj", "{CD5A3185-48FC-4150-8611-FD3A4FF9CDE8}"
EndProject
Project("{FAE04EC0-301F-11D3-BF4B-00C04F79EFBC}") = "DomainTests", "DomainTests\DomainTests.csproj", "{1091FEF5-53BE-4DF8-A8AC-12ABE979AC03}"
EndProject
Project("{FAE04EC0-301F-11D3-BF4B-00C04F79EFBC}") = "Domain", "Domain\Domain.csproj", "{C94642E5-262C-4CAD-9FE7-494D4D00BCEB}"
EndProject
Global
	GlobalSection(SolutionConfigurationPlatforms) = preSolution
		Debug|Any CPU = Debug|Any CPU
		Release|Any CPU = Release|Any CPU
	EndGlobalSection
	GlobalSection(ProjectConfigurationPlatforms) = postSolution
		{347A438F-D60C-43AC-AB56-AA5883489FF4}.Debug|Any CPU.ActiveCfg = Debug|Any CPU
		{347A438F-D60C-43AC-AB56-AA5883489FF4}.Debug|Any CPU.Build.0 = Debug|Any CPU
		{347A438F-D60C-43AC-AB56-AA5883489FF4}.Release|Any CPU.ActiveCfg = Release|Any CPU
		{347A438F-D60C-43AC-AB56-AA5883489FF4}.Release|Any CPU.Build.0 = Release|Any CPU
		{FC50F43F-F5DE-4312-AAE4-6DEDFC6C9E58}.Debug|Any CPU.ActiveCfg = Debug|Any CPU
		{FC50F43F-F5DE-4312-AAE4-6DEDFC6C9E58}.Debug|Any CPU.Build.0 = Debug|Any CPU
		{FC50F43F-F5DE-4312-AAE4-6DEDFC6C9E58}.Release|Any CPU.ActiveCfg = Release|Any CPU
		{FC50F43F-F5DE-4312-AAE4-6DEDFC6C9E58}.Release|Any CPU.Build.0 = Release|Any CPU
		{554AB5D6-FE68-4897-8FE9-A3202C8E6800}.Debug|Any CPU.ActiveCfg = Debug|Any CPU
		{554AB5D6-FE68-4897-8FE9-A3202C8E6800}.Debug|Any CPU.Build.0 = Debug|Any CPU
		{554AB5D6-FE68-4897-8FE9-A3202C8E6800}.Release|Any CPU.ActiveCfg = Release|Any CPU
		{554AB5D6-FE68-4897-8FE9-A3202C8E6800}.Release|Any CPU.Build.0 = Release|Any CPU
		{716EEFB3-11C8-44CE-A340-CF589E5ED6CB}.Debug|Any CPU.ActiveCfg = Debug|Any CPU
		{716EEFB3-11C8-44CE-A340-CF589E5ED6CB}.Debug|Any CPU.Build.0 = Debug|Any CPU
		{716EEFB3-11C8-44CE-A340-CF589E5ED6CB}.Release|Any CPU.ActiveCfg = Release|Any CPU
		{716EEFB3-11C8-44CE-A340-CF589E5ED6CB}.Release|Any CPU.Build.0 = Release|Any CPU
		{CD5A3185-48FC-4150-8611-FD3A4FF9CDE8}.Debug|Any CPU.ActiveCfg = Debug|Any CPU
		{CD5A3185-48FC-4150-8611-FD3A4FF9CDE8}.Debug|Any CPU.Build.0 = Debug|Any CPU
		{CD5A3185-48FC-4150-8611-FD3A4FF9CDE8}.Release|Any CPU.ActiveCfg = Release|Any CPU
		{CD5A3185-48FC-4150-8611-FD3A4FF9CDE8}.Release|Any CPU.Build.0 = Release|Any CPU
		{1091FEF5-53BE-4DF8-A8AC-12ABE979AC03}.Debug|Any CPU.ActiveCfg = Debug|Any CPU
		{1091FEF5-53BE-4DF8-A8AC-12ABE979AC03}.Debug|Any CPU.Build.0 = Debug|Any CPU
		{1091FEF5-53BE-4DF8-A8AC-12ABE979AC03}.Release|Any CPU.ActiveCfg = Release|Any CPU
		{1091FEF5-53BE-4DF8-A8AC-12ABE979AC03}.Release|Any CPU.Build.0 = Release|Any CPU
		{C94642E5-262C-4CAD-9FE7-494D4D00BCEB}.Debug|Any CPU.ActiveCfg = Debug|Any CPU
		{C94642E5-262C-4CAD-9FE7-494D4D00BCEB}.Debug|Any CPU.Build.0 = Debug|Any CPU
		{C94642E5-262C-4CAD-9FE7-494D4D00BCEB}.Release|Any CPU.ActiveCfg = Release|Any CPU
		{C94642E5-262C-4CAD-9FE7-494D4D00BCEB}.Release|Any CPU.Build.0 = Release|Any CPU
	EndGlobalSection
EndGlobal
